
Microsoft Visual Studio Solution File, Format Version 12.00
# Visual Studio 15
VisualStudioVersion = 15.0.28010.2048
MinimumVisualStudioVersion = 10.0.40219.1
Project("{8BC9CEB8-8B4A-11D0-8D11-00A0C91BC942}") = "P21", "P21\P21.vcxproj", "{470BA5FB-FA78-4E1C-AD2A-62BBCFE98A02}"
EndProject
Global
	GlobalSection(SolutionConfigurationPlatforms) = preSolution
		Debug|x64 = Debug|x64
		Debug|x86 = Debug|x86
		Release|x64 = Release|x64
		Release|x86 = Release|x86
	EndGlobalSection
	GlobalSection(ProjectConfigurationPlatforms) = postSolution
		{470BA5FB-FA78-4E1C-AD2A-62BBCFE98A02}.Debug|x64.ActiveCfg = Debug|x64
		{470BA5FB-FA78-4E1C-AD2A-62BBCFE98A02}.Debug|x64.Build.0 = Debug|x64
		{470BA5FB-FA78-4E1C-AD2A-62BBCFE98A02}.Debug|x86.ActiveCfg = Debug|Win32
		{470BA5FB-FA78-4E1C-AD2A-62BBCFE98A02}.Debug|x86.Build.0 = Debug|Win32
		{470BA5FB-FA78-4E1C-AD2A-62BBCFE98A02}.Release|x64.ActiveCfg = Release|x64
		{470BA5FB-FA78-4E1C-AD2A-62BBCFE98A02}.Release|x64.Build.0 = Release|x64
		{470BA5FB-FA78-4E1C-AD2A-62BBCFE98A02}.Release|x86.ActiveCfg = Release|Win32
		{470BA5FB-FA78-4E1C-AD2A-62BBCFE98A02}.Release|x86.Build.0 = Release|Win32
	EndGlobalSection
	GlobalSection(SolutionProperties) = preSolution
		HideSolutionNode = FALSE
	EndGlobalSection
	GlobalSection(ExtensibilityGlobals) = postSolution
		SolutionGuid = {2F825B95-117D-4D7F-AAB2-D23A63AB38DE}
	EndGlobalSection
EndGlobal
